
Microsoft Visual Studio Solution File, Format Version 12.00
# Visual Studio Version 17
VisualStudioVersion = 17.0.32126.317
MinimumVisualStudioVersion = 10.0.40219.1
Project("{FAE04EC0-301F-11D3-BF4B-00C04F79EFBC}") = "GananciasCelebridades", "GananciasCelebridades\GananciasCelebridades.csproj", "{C0206415-1B79-497C-8D19-46B9F265E64F}"
EndProject
Global
	GlobalSection(SolutionConfigurationPlatforms) = preSolution
		Debug|Any CPU = Debug|Any CPU
		Release|Any CPU = Release|Any CPU
	EndGlobalSection
	GlobalSection(ProjectConfigurationPlatforms) = postSolution
		{C0206415-1B79-497C-8D19-46B9F265E64F}.Debug|Any CPU.ActiveCfg = Debug|Any CPU
		{C0206415-1B79-497C-8D19-46B9F265E64F}.Debug|Any CPU.Build.0 = Debug|Any CPU
		{C0206415-1B79-497C-8D19-46B9F265E64F}.Release|Any CPU.ActiveCfg = Release|Any CPU
		{C0206415-1B79-497C-8D19-46B9F265E64F}.Release|Any CPU.Build.0 = Release|Any CPU
	EndGlobalSection
	GlobalSection(SolutionProperties) = preSolution
		HideSolutionNode = FALSE
	EndGlobalSection
	GlobalSection(ExtensibilityGlobals) = postSolution
		SolutionGuid = {4F4F54E9-34CF-4CB7-9F92-96FC94447DEC}
	EndGlobalSection
EndGlobal
