
Microsoft Visual Studio Solution File, Format Version 12.00
# Visual Studio Version 17
VisualStudioVersion = 17.4.33103.184
MinimumVisualStudioVersion = 10.0.40219.1
Project("{FAE04EC0-301F-11D3-BF4B-00C04F79EFBC}") = "GananciasCelebridades", "GananciasCelebridades\GananciasCelebridades.csproj", "{B589C7D0-CB9B-4CAA-A52F-5DB8DCD5786A}"
EndProject
Global
	GlobalSection(SolutionConfigurationPlatforms) = preSolution
		Debug|Any CPU = Debug|Any CPU
		Release|Any CPU = Release|Any CPU
	EndGlobalSection
	GlobalSection(ProjectConfigurationPlatforms) = postSolution
		{B589C7D0-CB9B-4CAA-A52F-5DB8DCD5786A}.Debug|Any CPU.ActiveCfg = Debug|Any CPU
		{B589C7D0-CB9B-4CAA-A52F-5DB8DCD5786A}.Debug|Any CPU.Build.0 = Debug|Any CPU
		{B589C7D0-CB9B-4CAA-A52F-5DB8DCD5786A}.Release|Any CPU.ActiveCfg = Release|Any CPU
		{B589C7D0-CB9B-4CAA-A52F-5DB8DCD5786A}.Release|Any CPU.Build.0 = Release|Any CPU
	EndGlobalSection
	GlobalSection(SolutionProperties) = preSolution
		HideSolutionNode = FALSE
	EndGlobalSection
	GlobalSection(ExtensibilityGlobals) = postSolution
		SolutionGuid = {41B687B0-A520-4576-90DE-4093D2BFC170}
	EndGlobalSection
EndGlobal
