
Microsoft Visual Studio Solution File, Format Version 12.00
# Visual Studio Version 17
VisualStudioVersion = 17.4.33103.184
MinimumVisualStudioVersion = 10.0.40219.1
Project("{FAE04EC0-301F-11D3-BF4B-00C04F79EFBC}") = "SimRadio", "SimRadio\SimRadio.csproj", "{A7DE2B54-7A5E-4DCA-8CFB-C69EBFD338B5}"
EndProject
Global
	GlobalSection(SolutionConfigurationPlatforms) = preSolution
		Debug|Any CPU = Debug|Any CPU
		Release|Any CPU = Release|Any CPU
	EndGlobalSection
	GlobalSection(ProjectConfigurationPlatforms) = postSolution
		{A7DE2B54-7A5E-4DCA-8CFB-C69EBFD338B5}.Debug|Any CPU.ActiveCfg = Debug|Any CPU
		{A7DE2B54-7A5E-4DCA-8CFB-C69EBFD338B5}.Debug|Any CPU.Build.0 = Debug|Any CPU
		{A7DE2B54-7A5E-4DCA-8CFB-C69EBFD338B5}.Release|Any CPU.ActiveCfg = Release|Any CPU
		{A7DE2B54-7A5E-4DCA-8CFB-C69EBFD338B5}.Release|Any CPU.Build.0 = Release|Any CPU
	EndGlobalSection
	GlobalSection(SolutionProperties) = preSolution
		HideSolutionNode = FALSE
	EndGlobalSection
	GlobalSection(ExtensibilityGlobals) = postSolution
		SolutionGuid = {F6E60CDF-ED38-4D2C-9F20-C79B5D246C2F}
	EndGlobalSection
EndGlobal
