
Microsoft Visual Studio Solution File, Format Version 12.00
# Visual Studio Version 17
VisualStudioVersion = 17.2.32630.192
MinimumVisualStudioVersion = 10.0.40219.1
Project("{FAE04EC0-301F-11D3-BF4B-00C04F79EFBC}") = "NumerosSuertudos", "NumerosSuertudos\NumerosSuertudos.csproj", "{5DA813FE-0F75-47FB-8E33-D85E9C5306BF}"
EndProject
Global
	GlobalSection(SolutionConfigurationPlatforms) = preSolution
		Debug|Any CPU = Debug|Any CPU
		Release|Any CPU = Release|Any CPU
	EndGlobalSection
	GlobalSection(ProjectConfigurationPlatforms) = postSolution
		{5DA813FE-0F75-47FB-8E33-D85E9C5306BF}.Debug|Any CPU.ActiveCfg = Debug|Any CPU
		{5DA813FE-0F75-47FB-8E33-D85E9C5306BF}.Debug|Any CPU.Build.0 = Debug|Any CPU
		{5DA813FE-0F75-47FB-8E33-D85E9C5306BF}.Release|Any CPU.ActiveCfg = Release|Any CPU
		{5DA813FE-0F75-47FB-8E33-D85E9C5306BF}.Release|Any CPU.Build.0 = Release|Any CPU
	EndGlobalSection
	GlobalSection(SolutionProperties) = preSolution
		HideSolutionNode = FALSE
	EndGlobalSection
	GlobalSection(ExtensibilityGlobals) = postSolution
		SolutionGuid = {1895B06E-9D9F-4141-A69B-E4B1291E8F06}
	EndGlobalSection
EndGlobal
