
Microsoft Visual Studio Solution File, Format Version 12.00
# Visual Studio Version 16
VisualStudioVersion = 16.0.31321.278
MinimumVisualStudioVersion = 10.0.40219.1
Project("{FAE04EC0-301F-11D3-BF4B-00C04F79EFBC}") = "ServiciosPublicos", "ServiciosPublicos\ServiciosPublicos.csproj", "{FBC34F4E-09A1-4BCD-99BE-7F98F88C5397}"
EndProject
Global
	GlobalSection(SolutionConfigurationPlatforms) = preSolution
		Debug|Any CPU = Debug|Any CPU
		Release|Any CPU = Release|Any CPU
	EndGlobalSection
	GlobalSection(ProjectConfigurationPlatforms) = postSolution
		{FBC34F4E-09A1-4BCD-99BE-7F98F88C5397}.Debug|Any CPU.ActiveCfg = Debug|Any CPU
		{FBC34F4E-09A1-4BCD-99BE-7F98F88C5397}.Debug|Any CPU.Build.0 = Debug|Any CPU
		{FBC34F4E-09A1-4BCD-99BE-7F98F88C5397}.Release|Any CPU.ActiveCfg = Release|Any CPU
		{FBC34F4E-09A1-4BCD-99BE-7F98F88C5397}.Release|Any CPU.Build.0 = Release|Any CPU
	EndGlobalSection
	GlobalSection(SolutionProperties) = preSolution
		HideSolutionNode = FALSE
	EndGlobalSection
	GlobalSection(ExtensibilityGlobals) = postSolution
		SolutionGuid = {DEAFC4ED-A4B6-4F44-97CB-1EF88CB8C429}
	EndGlobalSection
EndGlobal
