
Microsoft Visual Studio Solution File, Format Version 12.00
# Visual Studio 15
VisualStudioVersion = 15.0.28307.421
MinimumVisualStudioVersion = 10.0.40219.1
Project("{FAE04EC0-301F-11D3-BF4B-00C04F79EFBC}") = "ex01_BuenLugar", "ex01_BuenLugar\ex01_BuenLugar.csproj", "{944672F0-C82D-4AFB-B9D2-F094E0D2C697}"
EndProject
Global
	GlobalSection(SolutionConfigurationPlatforms) = preSolution
		Debug|Any CPU = Debug|Any CPU
		Release|Any CPU = Release|Any CPU
	EndGlobalSection
	GlobalSection(ProjectConfigurationPlatforms) = postSolution
		{944672F0-C82D-4AFB-B9D2-F094E0D2C697}.Debug|Any CPU.ActiveCfg = Debug|Any CPU
		{944672F0-C82D-4AFB-B9D2-F094E0D2C697}.Debug|Any CPU.Build.0 = Debug|Any CPU
		{944672F0-C82D-4AFB-B9D2-F094E0D2C697}.Release|Any CPU.ActiveCfg = Release|Any CPU
		{944672F0-C82D-4AFB-B9D2-F094E0D2C697}.Release|Any CPU.Build.0 = Release|Any CPU
	EndGlobalSection
	GlobalSection(SolutionProperties) = preSolution
		HideSolutionNode = FALSE
	EndGlobalSection
	GlobalSection(ExtensibilityGlobals) = postSolution
		SolutionGuid = {09DE0C67-D55C-46AC-B3AC-3D4D4879D663}
	EndGlobalSection
EndGlobal
