
Microsoft Visual Studio Solution File, Format Version 12.00
# Visual Studio 15
VisualStudioVersion = 15.0.27428.2027
MinimumVisualStudioVersion = 10.0.40219.1
Project("{FAE04EC0-301F-11D3-BF4B-00C04F79EFBC}") = "ex01_secuenciaADN", "ex01_secuenciaADN\ex01_secuenciaADN.csproj", "{07CA6DAB-EAF0-4B50-B36D-8F86FF4CEFA4}"
EndProject
Global
	GlobalSection(SolutionConfigurationPlatforms) = preSolution
		Debug|Any CPU = Debug|Any CPU
		Release|Any CPU = Release|Any CPU
	EndGlobalSection
	GlobalSection(ProjectConfigurationPlatforms) = postSolution
		{07CA6DAB-EAF0-4B50-B36D-8F86FF4CEFA4}.Debug|Any CPU.ActiveCfg = Debug|Any CPU
		{07CA6DAB-EAF0-4B50-B36D-8F86FF4CEFA4}.Debug|Any CPU.Build.0 = Debug|Any CPU
		{07CA6DAB-EAF0-4B50-B36D-8F86FF4CEFA4}.Release|Any CPU.ActiveCfg = Release|Any CPU
		{07CA6DAB-EAF0-4B50-B36D-8F86FF4CEFA4}.Release|Any CPU.Build.0 = Release|Any CPU
	EndGlobalSection
	GlobalSection(SolutionProperties) = preSolution
		HideSolutionNode = FALSE
	EndGlobalSection
	GlobalSection(ExtensibilityGlobals) = postSolution
		SolutionGuid = {0BA8DAB8-955C-4CC6-BE12-38CE3791C4C2}
	EndGlobalSection
EndGlobal
