
Microsoft Visual Studio Solution File, Format Version 12.00
# Visual Studio Version 17
VisualStudioVersion = 17.1.32328.378
MinimumVisualStudioVersion = 10.0.40219.1
Project("{FAE04EC0-301F-11D3-BF4B-00C04F79EFBC}") = "ComparaReinosOO", "ComparaReinosOO\ComparaReinosOO.csproj", "{C5C25C71-E64B-4342-B3BE-78AA2BF797BA}"
EndProject
Global
	GlobalSection(SolutionConfigurationPlatforms) = preSolution
		Debug|Any CPU = Debug|Any CPU
		Release|Any CPU = Release|Any CPU
	EndGlobalSection
	GlobalSection(ProjectConfigurationPlatforms) = postSolution
		{C5C25C71-E64B-4342-B3BE-78AA2BF797BA}.Debug|Any CPU.ActiveCfg = Debug|Any CPU
		{C5C25C71-E64B-4342-B3BE-78AA2BF797BA}.Debug|Any CPU.Build.0 = Debug|Any CPU
		{C5C25C71-E64B-4342-B3BE-78AA2BF797BA}.Release|Any CPU.ActiveCfg = Release|Any CPU
		{C5C25C71-E64B-4342-B3BE-78AA2BF797BA}.Release|Any CPU.Build.0 = Release|Any CPU
	EndGlobalSection
	GlobalSection(SolutionProperties) = preSolution
		HideSolutionNode = FALSE
	EndGlobalSection
	GlobalSection(ExtensibilityGlobals) = postSolution
		SolutionGuid = {B577260D-C25E-452A-ABBE-7267B7241E43}
	EndGlobalSection
EndGlobal
