
Microsoft Visual Studio Solution File, Format Version 12.00
# Visual Studio Version 17
VisualStudioVersion = 17.0.32126.317
MinimumVisualStudioVersion = 10.0.40219.1
Project("{FAE04EC0-301F-11D3-BF4B-00C04F79EFBC}") = "CalculoTiempoSegundos", "CalculoTiempoSegundos\CalculoTiempoSegundos.csproj", "{6609A7CE-7981-46CC-B334-4BBC2DA6BB89}"
EndProject
Global
	GlobalSection(SolutionConfigurationPlatforms) = preSolution
		Debug|Any CPU = Debug|Any CPU
		Release|Any CPU = Release|Any CPU
	EndGlobalSection
	GlobalSection(ProjectConfigurationPlatforms) = postSolution
		{6609A7CE-7981-46CC-B334-4BBC2DA6BB89}.Debug|Any CPU.ActiveCfg = Debug|Any CPU
		{6609A7CE-7981-46CC-B334-4BBC2DA6BB89}.Debug|Any CPU.Build.0 = Debug|Any CPU
		{6609A7CE-7981-46CC-B334-4BBC2DA6BB89}.Release|Any CPU.ActiveCfg = Release|Any CPU
		{6609A7CE-7981-46CC-B334-4BBC2DA6BB89}.Release|Any CPU.Build.0 = Release|Any CPU
	EndGlobalSection
	GlobalSection(SolutionProperties) = preSolution
		HideSolutionNode = FALSE
	EndGlobalSection
	GlobalSection(ExtensibilityGlobals) = postSolution
		SolutionGuid = {1E00A3F2-EA14-4410-A48F-AA2B5144FD91}
	EndGlobalSection
EndGlobal
