
Microsoft Visual Studio Solution File, Format Version 12.00
# Visual Studio Version 17
VisualStudioVersion = 17.4.33103.184
MinimumVisualStudioVersion = 10.0.40219.1
Project("{FAE04EC0-301F-11D3-BF4B-00C04F79EFBC}") = "MaquinaExpendedoraComida", "MaquinaExpendedoraComida\MaquinaExpendedoraComida.csproj", "{01799539-63BE-4CE1-9C26-6DBDD96CF779}"
EndProject
Global
	GlobalSection(SolutionConfigurationPlatforms) = preSolution
		Debug|Any CPU = Debug|Any CPU
		Release|Any CPU = Release|Any CPU
	EndGlobalSection
	GlobalSection(ProjectConfigurationPlatforms) = postSolution
		{01799539-63BE-4CE1-9C26-6DBDD96CF779}.Debug|Any CPU.ActiveCfg = Debug|Any CPU
		{01799539-63BE-4CE1-9C26-6DBDD96CF779}.Debug|Any CPU.Build.0 = Debug|Any CPU
		{01799539-63BE-4CE1-9C26-6DBDD96CF779}.Release|Any CPU.ActiveCfg = Release|Any CPU
		{01799539-63BE-4CE1-9C26-6DBDD96CF779}.Release|Any CPU.Build.0 = Release|Any CPU
	EndGlobalSection
	GlobalSection(SolutionProperties) = preSolution
		HideSolutionNode = FALSE
	EndGlobalSection
	GlobalSection(ExtensibilityGlobals) = postSolution
		SolutionGuid = {FBB141E9-6168-4FE9-BEAB-0DDC28A4EBDE}
	EndGlobalSection
EndGlobal
