
Microsoft Visual Studio Solution File, Format Version 12.00
# Visual Studio Version 17
VisualStudioVersion = 17.5.33516.290
MinimumVisualStudioVersion = 10.0.40219.1
Project("{FAE04EC0-301F-11D3-BF4B-00C04F79EFBC}") = "MatricesNotasEstudiantes", "MatricesNotasEstudiantes\MatricesNotasEstudiantes.csproj", "{7E1F039B-909B-493B-9E4D-511AF790BDF5}"
EndProject
Global
	GlobalSection(SolutionConfigurationPlatforms) = preSolution
		Debug|Any CPU = Debug|Any CPU
		Release|Any CPU = Release|Any CPU
	EndGlobalSection
	GlobalSection(ProjectConfigurationPlatforms) = postSolution
		{7E1F039B-909B-493B-9E4D-511AF790BDF5}.Debug|Any CPU.ActiveCfg = Debug|Any CPU
		{7E1F039B-909B-493B-9E4D-511AF790BDF5}.Debug|Any CPU.Build.0 = Debug|Any CPU
		{7E1F039B-909B-493B-9E4D-511AF790BDF5}.Release|Any CPU.ActiveCfg = Release|Any CPU
		{7E1F039B-909B-493B-9E4D-511AF790BDF5}.Release|Any CPU.Build.0 = Release|Any CPU
	EndGlobalSection
	GlobalSection(SolutionProperties) = preSolution
		HideSolutionNode = FALSE
	EndGlobalSection
	GlobalSection(ExtensibilityGlobals) = postSolution
		SolutionGuid = {DC1EFE4D-4EDD-4EAC-A931-50EA4AD4CA42}
	EndGlobalSection
EndGlobal
