
Microsoft Visual Studio Solution File, Format Version 12.00
# Visual Studio 15
VisualStudioVersion = 15.0.28307.421
MinimumVisualStudioVersion = 10.0.40219.1
Project("{FAE04EC0-301F-11D3-BF4B-00C04F79EFBC}") = "GraficadorSimple", "GraficadorSimple\GraficadorSimple.csproj", "{95C06834-BEA7-4974-8DC1-05A040FC0B63}"
EndProject
Global
	GlobalSection(SolutionConfigurationPlatforms) = preSolution
		Debug|Any CPU = Debug|Any CPU
		Release|Any CPU = Release|Any CPU
	EndGlobalSection
	GlobalSection(ProjectConfigurationPlatforms) = postSolution
		{95C06834-BEA7-4974-8DC1-05A040FC0B63}.Debug|Any CPU.ActiveCfg = Debug|Any CPU
		{95C06834-BEA7-4974-8DC1-05A040FC0B63}.Debug|Any CPU.Build.0 = Debug|Any CPU
		{95C06834-BEA7-4974-8DC1-05A040FC0B63}.Release|Any CPU.ActiveCfg = Release|Any CPU
		{95C06834-BEA7-4974-8DC1-05A040FC0B63}.Release|Any CPU.Build.0 = Release|Any CPU
	EndGlobalSection
	GlobalSection(SolutionProperties) = preSolution
		HideSolutionNode = FALSE
	EndGlobalSection
	GlobalSection(ExtensibilityGlobals) = postSolution
		SolutionGuid = {16BBCB10-D539-4FD8-A47E-D0B09D7C6F38}
	EndGlobalSection
EndGlobal
