
Microsoft Visual Studio Solution File, Format Version 12.00
# Visual Studio Version 17
VisualStudioVersion = 17.4.33103.184
MinimumVisualStudioVersion = 10.0.40219.1
Project("{FAE04EC0-301F-11D3-BF4B-00C04F79EFBC}") = "GraficadorSimple", "GraficadorSimple\GraficadorSimple.csproj", "{5674B067-FEE8-44F5-A5E4-1C25837FCD1F}"
EndProject
Global
	GlobalSection(SolutionConfigurationPlatforms) = preSolution
		Debug|Any CPU = Debug|Any CPU
		Release|Any CPU = Release|Any CPU
	EndGlobalSection
	GlobalSection(ProjectConfigurationPlatforms) = postSolution
		{5674B067-FEE8-44F5-A5E4-1C25837FCD1F}.Debug|Any CPU.ActiveCfg = Debug|Any CPU
		{5674B067-FEE8-44F5-A5E4-1C25837FCD1F}.Debug|Any CPU.Build.0 = Debug|Any CPU
		{5674B067-FEE8-44F5-A5E4-1C25837FCD1F}.Release|Any CPU.ActiveCfg = Release|Any CPU
		{5674B067-FEE8-44F5-A5E4-1C25837FCD1F}.Release|Any CPU.Build.0 = Release|Any CPU
	EndGlobalSection
	GlobalSection(SolutionProperties) = preSolution
		HideSolutionNode = FALSE
	EndGlobalSection
	GlobalSection(ExtensibilityGlobals) = postSolution
		SolutionGuid = {C852F7BF-AFF9-4003-8E21-117D8BB62935}
	EndGlobalSection
EndGlobal
