
Microsoft Visual Studio Solution File, Format Version 12.00
# Visual Studio Version 17
VisualStudioVersion = 17.0.31919.166
MinimumVisualStudioVersion = 10.0.40219.1
Project("{FAE04EC0-301F-11D3-BF4B-00C04F79EFBC}") = "EjemploArreglosCaracteres", "EjemploArreglosCaracteres\EjemploArreglosCaracteres.csproj", "{4DEE2698-E3A9-4D64-9657-46AF3C0E0E6D}"
EndProject
Global
	GlobalSection(SolutionConfigurationPlatforms) = preSolution
		Debug|Any CPU = Debug|Any CPU
		Release|Any CPU = Release|Any CPU
	EndGlobalSection
	GlobalSection(ProjectConfigurationPlatforms) = postSolution
		{4DEE2698-E3A9-4D64-9657-46AF3C0E0E6D}.Debug|Any CPU.ActiveCfg = Debug|Any CPU
		{4DEE2698-E3A9-4D64-9657-46AF3C0E0E6D}.Debug|Any CPU.Build.0 = Debug|Any CPU
		{4DEE2698-E3A9-4D64-9657-46AF3C0E0E6D}.Release|Any CPU.ActiveCfg = Release|Any CPU
		{4DEE2698-E3A9-4D64-9657-46AF3C0E0E6D}.Release|Any CPU.Build.0 = Release|Any CPU
	EndGlobalSection
	GlobalSection(SolutionProperties) = preSolution
		HideSolutionNode = FALSE
	EndGlobalSection
	GlobalSection(ExtensibilityGlobals) = postSolution
		SolutionGuid = {65CB2146-BD28-4A49-892A-F7A9882CC618}
	EndGlobalSection
EndGlobal
