
Microsoft Visual Studio Solution File, Format Version 12.00
# Visual Studio Version 17
VisualStudioVersion = 17.0.31919.166
MinimumVisualStudioVersion = 10.0.40219.1
Project("{FAE04EC0-301F-11D3-BF4B-00C04F79EFBC}") = "TablaMultiplicar", "TablaMultiplicar\TablaMultiplicar.csproj", "{A492D5EB-0C5A-44FF-98E2-BBA189E2BD37}"
EndProject
Global
	GlobalSection(SolutionConfigurationPlatforms) = preSolution
		Debug|Any CPU = Debug|Any CPU
		Release|Any CPU = Release|Any CPU
	EndGlobalSection
	GlobalSection(ProjectConfigurationPlatforms) = postSolution
		{A492D5EB-0C5A-44FF-98E2-BBA189E2BD37}.Debug|Any CPU.ActiveCfg = Debug|Any CPU
		{A492D5EB-0C5A-44FF-98E2-BBA189E2BD37}.Debug|Any CPU.Build.0 = Debug|Any CPU
		{A492D5EB-0C5A-44FF-98E2-BBA189E2BD37}.Release|Any CPU.ActiveCfg = Release|Any CPU
		{A492D5EB-0C5A-44FF-98E2-BBA189E2BD37}.Release|Any CPU.Build.0 = Release|Any CPU
	EndGlobalSection
	GlobalSection(SolutionProperties) = preSolution
		HideSolutionNode = FALSE
	EndGlobalSection
	GlobalSection(ExtensibilityGlobals) = postSolution
		SolutionGuid = {214C345D-9F5C-4F75-AD75-3649B0861F07}
	EndGlobalSection
EndGlobal
