
Microsoft Visual Studio Solution File, Format Version 12.00
# Visual Studio Version 17
VisualStudioVersion = 17.4.33103.184
MinimumVisualStudioVersion = 10.0.40219.1
Project("{FAE04EC0-301F-11D3-BF4B-00C04F79EFBC}") = "PescaArtesanalOO", "PescaArtesanalOO\PescaArtesanalOO.csproj", "{AC339CB6-50B7-4801-AA10-A82256F8BE26}"
EndProject
Global
	GlobalSection(SolutionConfigurationPlatforms) = preSolution
		Debug|Any CPU = Debug|Any CPU
		Release|Any CPU = Release|Any CPU
	EndGlobalSection
	GlobalSection(ProjectConfigurationPlatforms) = postSolution
		{AC339CB6-50B7-4801-AA10-A82256F8BE26}.Debug|Any CPU.ActiveCfg = Debug|Any CPU
		{AC339CB6-50B7-4801-AA10-A82256F8BE26}.Debug|Any CPU.Build.0 = Debug|Any CPU
		{AC339CB6-50B7-4801-AA10-A82256F8BE26}.Release|Any CPU.ActiveCfg = Release|Any CPU
		{AC339CB6-50B7-4801-AA10-A82256F8BE26}.Release|Any CPU.Build.0 = Release|Any CPU
	EndGlobalSection
	GlobalSection(SolutionProperties) = preSolution
		HideSolutionNode = FALSE
	EndGlobalSection
	GlobalSection(ExtensibilityGlobals) = postSolution
		SolutionGuid = {6BB2A03D-BED2-4227-8900-AA41833B1952}
	EndGlobalSection
EndGlobal
