
Microsoft Visual Studio Solution File, Format Version 12.00
# Visual Studio Version 17
VisualStudioVersion = 17.0.32126.317
MinimumVisualStudioVersion = 10.0.40219.1
Project("{FAE04EC0-301F-11D3-BF4B-00C04F79EFBC}") = "ex01_VacunacionEscolar", "ex01_VacunacionEscolar\ex01_VacunacionEscolar.csproj", "{B359704F-E74D-4AEB-9E6D-261F2A8CC779}"
EndProject
Global
	GlobalSection(SolutionConfigurationPlatforms) = preSolution
		Debug|Any CPU = Debug|Any CPU
		Release|Any CPU = Release|Any CPU
	EndGlobalSection
	GlobalSection(ProjectConfigurationPlatforms) = postSolution
		{B359704F-E74D-4AEB-9E6D-261F2A8CC779}.Debug|Any CPU.ActiveCfg = Debug|Any CPU
		{B359704F-E74D-4AEB-9E6D-261F2A8CC779}.Debug|Any CPU.Build.0 = Debug|Any CPU
		{B359704F-E74D-4AEB-9E6D-261F2A8CC779}.Release|Any CPU.ActiveCfg = Release|Any CPU
		{B359704F-E74D-4AEB-9E6D-261F2A8CC779}.Release|Any CPU.Build.0 = Release|Any CPU
	EndGlobalSection
	GlobalSection(SolutionProperties) = preSolution
		HideSolutionNode = FALSE
	EndGlobalSection
	GlobalSection(ExtensibilityGlobals) = postSolution
		SolutionGuid = {1702E773-CD0D-49C0-ABE5-75B8220DDCEE}
	EndGlobalSection
EndGlobal
