
Microsoft Visual Studio Solution File, Format Version 12.00
# Visual Studio Version 17
VisualStudioVersion = 17.3.32922.545
MinimumVisualStudioVersion = 10.0.40219.1
Project("{FAE04EC0-301F-11D3-BF4B-00C04F79EFBC}") = "ex03_ViajesMetroplus", "ex03_ViajesMetroplus\ex03_ViajesMetroplus.csproj", "{41FA1680-09AB-4186-8F18-33CA0EB03389}"
EndProject
Global
	GlobalSection(SolutionConfigurationPlatforms) = preSolution
		Debug|Any CPU = Debug|Any CPU
		Release|Any CPU = Release|Any CPU
	EndGlobalSection
	GlobalSection(ProjectConfigurationPlatforms) = postSolution
		{41FA1680-09AB-4186-8F18-33CA0EB03389}.Debug|Any CPU.ActiveCfg = Debug|Any CPU
		{41FA1680-09AB-4186-8F18-33CA0EB03389}.Debug|Any CPU.Build.0 = Debug|Any CPU
		{41FA1680-09AB-4186-8F18-33CA0EB03389}.Release|Any CPU.ActiveCfg = Release|Any CPU
		{41FA1680-09AB-4186-8F18-33CA0EB03389}.Release|Any CPU.Build.0 = Release|Any CPU
	EndGlobalSection
	GlobalSection(SolutionProperties) = preSolution
		HideSolutionNode = FALSE
	EndGlobalSection
	GlobalSection(ExtensibilityGlobals) = postSolution
		SolutionGuid = {8EB2A5C0-CCA5-4056-87E3-7FA0BF69B8C4}
	EndGlobalSection
EndGlobal
