
Microsoft Visual Studio Solution File, Format Version 12.00
# Visual Studio 15
VisualStudioVersion = 15.0.28307.421
MinimumVisualStudioVersion = 10.0.40219.1
Project("{FAE04EC0-301F-11D3-BF4B-00C04F79EFBC}") = "PromedioPonderadoNotas", "PromedioPonderadoNotas\PromedioPonderadoNotas.csproj", "{B1A91FCD-D56C-4DBB-A9A9-7B45F042A36E}"
EndProject
Global
	GlobalSection(SolutionConfigurationPlatforms) = preSolution
		Debug|Any CPU = Debug|Any CPU
		Release|Any CPU = Release|Any CPU
	EndGlobalSection
	GlobalSection(ProjectConfigurationPlatforms) = postSolution
		{B1A91FCD-D56C-4DBB-A9A9-7B45F042A36E}.Debug|Any CPU.ActiveCfg = Debug|Any CPU
		{B1A91FCD-D56C-4DBB-A9A9-7B45F042A36E}.Debug|Any CPU.Build.0 = Debug|Any CPU
		{B1A91FCD-D56C-4DBB-A9A9-7B45F042A36E}.Release|Any CPU.ActiveCfg = Release|Any CPU
		{B1A91FCD-D56C-4DBB-A9A9-7B45F042A36E}.Release|Any CPU.Build.0 = Release|Any CPU
	EndGlobalSection
	GlobalSection(SolutionProperties) = preSolution
		HideSolutionNode = FALSE
	EndGlobalSection
	GlobalSection(ExtensibilityGlobals) = postSolution
		SolutionGuid = {61FB6580-15BC-4CEA-B7A2-AA0E828059BB}
	EndGlobalSection
EndGlobal
