
Microsoft Visual Studio Solution File, Format Version 12.00
# Visual Studio Version 17
VisualStudioVersion = 17.4.33103.184
MinimumVisualStudioVersion = 10.0.40219.1
Project("{FAE04EC0-301F-11D3-BF4B-00C04F79EFBC}") = "PromedioPonderadoNotas", "PromedioPonderadoNotas\PromedioPonderadoNotas.csproj", "{C98F0924-A1FC-484C-AA46-08B18E50231E}"
EndProject
Global
	GlobalSection(SolutionConfigurationPlatforms) = preSolution
		Debug|Any CPU = Debug|Any CPU
		Release|Any CPU = Release|Any CPU
	EndGlobalSection
	GlobalSection(ProjectConfigurationPlatforms) = postSolution
		{C98F0924-A1FC-484C-AA46-08B18E50231E}.Debug|Any CPU.ActiveCfg = Debug|Any CPU
		{C98F0924-A1FC-484C-AA46-08B18E50231E}.Debug|Any CPU.Build.0 = Debug|Any CPU
		{C98F0924-A1FC-484C-AA46-08B18E50231E}.Release|Any CPU.ActiveCfg = Release|Any CPU
		{C98F0924-A1FC-484C-AA46-08B18E50231E}.Release|Any CPU.Build.0 = Release|Any CPU
	EndGlobalSection
	GlobalSection(SolutionProperties) = preSolution
		HideSolutionNode = FALSE
	EndGlobalSection
	GlobalSection(ExtensibilityGlobals) = postSolution
		SolutionGuid = {FD553C5F-F24B-49D0-AD0D-B0D6D2C352DD}
	EndGlobalSection
EndGlobal
