
Microsoft Visual Studio Solution File, Format Version 12.00
# Visual Studio 15
VisualStudioVersion = 15.0.27428.2027
MinimumVisualStudioVersion = 10.0.40219.1
Project("{FAE04EC0-301F-11D3-BF4B-00C04F79EFBC}") = "CodigoMurcielago", "CodigoMurcielago\CodigoMurcielago.csproj", "{1D8BEF4F-3275-46E7-90EB-988C4FE79F21}"
EndProject
Global
	GlobalSection(SolutionConfigurationPlatforms) = preSolution
		Debug|Any CPU = Debug|Any CPU
		Release|Any CPU = Release|Any CPU
	EndGlobalSection
	GlobalSection(ProjectConfigurationPlatforms) = postSolution
		{1D8BEF4F-3275-46E7-90EB-988C4FE79F21}.Debug|Any CPU.ActiveCfg = Debug|Any CPU
		{1D8BEF4F-3275-46E7-90EB-988C4FE79F21}.Debug|Any CPU.Build.0 = Debug|Any CPU
		{1D8BEF4F-3275-46E7-90EB-988C4FE79F21}.Release|Any CPU.ActiveCfg = Release|Any CPU
		{1D8BEF4F-3275-46E7-90EB-988C4FE79F21}.Release|Any CPU.Build.0 = Release|Any CPU
	EndGlobalSection
	GlobalSection(SolutionProperties) = preSolution
		HideSolutionNode = FALSE
	EndGlobalSection
	GlobalSection(ExtensibilityGlobals) = postSolution
		SolutionGuid = {BF52D8B3-3295-4DE0-83BE-CB0854FE3E70}
	EndGlobalSection
EndGlobal
