
Microsoft Visual Studio Solution File, Format Version 12.00
# Visual Studio Version 17
VisualStudioVersion = 17.0.31919.166
MinimumVisualStudioVersion = 10.0.40219.1
Project("{FAE04EC0-301F-11D3-BF4B-00C04F79EFBC}") = "EjemploMatrices", "EjemploMatrices\EjemploMatrices.csproj", "{22BDC675-214B-4907-9268-60754037BE2E}"
EndProject
Global
	GlobalSection(SolutionConfigurationPlatforms) = preSolution
		Debug|Any CPU = Debug|Any CPU
		Release|Any CPU = Release|Any CPU
	EndGlobalSection
	GlobalSection(ProjectConfigurationPlatforms) = postSolution
		{22BDC675-214B-4907-9268-60754037BE2E}.Debug|Any CPU.ActiveCfg = Debug|Any CPU
		{22BDC675-214B-4907-9268-60754037BE2E}.Debug|Any CPU.Build.0 = Debug|Any CPU
		{22BDC675-214B-4907-9268-60754037BE2E}.Release|Any CPU.ActiveCfg = Release|Any CPU
		{22BDC675-214B-4907-9268-60754037BE2E}.Release|Any CPU.Build.0 = Release|Any CPU
	EndGlobalSection
	GlobalSection(SolutionProperties) = preSolution
		HideSolutionNode = FALSE
	EndGlobalSection
	GlobalSection(ExtensibilityGlobals) = postSolution
		SolutionGuid = {92E6FF03-9E0F-4486-AD2B-B77EA4A1271D}
	EndGlobalSection
EndGlobal
