
Microsoft Visual Studio Solution File, Format Version 12.00
# Visual Studio 15
VisualStudioVersion = 15.0.27428.2027
MinimumVisualStudioVersion = 10.0.40219.1
Project("{FAE04EC0-301F-11D3-BF4B-00C04F79EFBC}") = "EncuentraParejasNumeros", "EncuentraParejasNumeros\EncuentraParejasNumeros.csproj", "{56D445A4-4250-4862-8AB8-7A4B866C2AFD}"
EndProject
Global
	GlobalSection(SolutionConfigurationPlatforms) = preSolution
		Debug|Any CPU = Debug|Any CPU
		Release|Any CPU = Release|Any CPU
	EndGlobalSection
	GlobalSection(ProjectConfigurationPlatforms) = postSolution
		{56D445A4-4250-4862-8AB8-7A4B866C2AFD}.Debug|Any CPU.ActiveCfg = Debug|Any CPU
		{56D445A4-4250-4862-8AB8-7A4B866C2AFD}.Debug|Any CPU.Build.0 = Debug|Any CPU
		{56D445A4-4250-4862-8AB8-7A4B866C2AFD}.Release|Any CPU.ActiveCfg = Release|Any CPU
		{56D445A4-4250-4862-8AB8-7A4B866C2AFD}.Release|Any CPU.Build.0 = Release|Any CPU
	EndGlobalSection
	GlobalSection(SolutionProperties) = preSolution
		HideSolutionNode = FALSE
	EndGlobalSection
	GlobalSection(ExtensibilityGlobals) = postSolution
		SolutionGuid = {186C86D9-67B2-40FE-8D20-6CD46D28A37C}
	EndGlobalSection
EndGlobal
