
Microsoft Visual Studio Solution File, Format Version 12.00
# Visual Studio Version 17
VisualStudioVersion = 17.4.33103.184
MinimumVisualStudioVersion = 10.0.40219.1
Project("{FAE04EC0-301F-11D3-BF4B-00C04F79EFBC}") = "EncuentraParejasNumeros", "EncuentraParejasNumeros\EncuentraParejasNumeros.csproj", "{DA6AB5BE-06C0-4A76-AB34-B2C398A551D4}"
EndProject
Global
	GlobalSection(SolutionConfigurationPlatforms) = preSolution
		Debug|Any CPU = Debug|Any CPU
		Release|Any CPU = Release|Any CPU
	EndGlobalSection
	GlobalSection(ProjectConfigurationPlatforms) = postSolution
		{DA6AB5BE-06C0-4A76-AB34-B2C398A551D4}.Debug|Any CPU.ActiveCfg = Debug|Any CPU
		{DA6AB5BE-06C0-4A76-AB34-B2C398A551D4}.Debug|Any CPU.Build.0 = Debug|Any CPU
		{DA6AB5BE-06C0-4A76-AB34-B2C398A551D4}.Release|Any CPU.ActiveCfg = Release|Any CPU
		{DA6AB5BE-06C0-4A76-AB34-B2C398A551D4}.Release|Any CPU.Build.0 = Release|Any CPU
	EndGlobalSection
	GlobalSection(SolutionProperties) = preSolution
		HideSolutionNode = FALSE
	EndGlobalSection
	GlobalSection(ExtensibilityGlobals) = postSolution
		SolutionGuid = {1121723F-290A-49CF-A849-29BF112CDB1D}
	EndGlobalSection
EndGlobal
