
Microsoft Visual Studio Solution File, Format Version 12.00
# Visual Studio Version 17
VisualStudioVersion = 17.0.32126.317
MinimumVisualStudioVersion = 10.0.40219.1
Project("{FAE04EC0-301F-11D3-BF4B-00C04F79EFBC}") = "CalificacionesPromedio", "CalificacionesPromedio\CalificacionesPromedio.csproj", "{4FE3DF8F-0A0D-427C-BA26-266C34B71C81}"
EndProject
Global
	GlobalSection(SolutionConfigurationPlatforms) = preSolution
		Debug|Any CPU = Debug|Any CPU
		Release|Any CPU = Release|Any CPU
	EndGlobalSection
	GlobalSection(ProjectConfigurationPlatforms) = postSolution
		{4FE3DF8F-0A0D-427C-BA26-266C34B71C81}.Debug|Any CPU.ActiveCfg = Debug|Any CPU
		{4FE3DF8F-0A0D-427C-BA26-266C34B71C81}.Debug|Any CPU.Build.0 = Debug|Any CPU
		{4FE3DF8F-0A0D-427C-BA26-266C34B71C81}.Release|Any CPU.ActiveCfg = Release|Any CPU
		{4FE3DF8F-0A0D-427C-BA26-266C34B71C81}.Release|Any CPU.Build.0 = Release|Any CPU
	EndGlobalSection
	GlobalSection(SolutionProperties) = preSolution
		HideSolutionNode = FALSE
	EndGlobalSection
	GlobalSection(ExtensibilityGlobals) = postSolution
		SolutionGuid = {F1D8BD74-8060-4D15-AF5B-766B6109A5C4}
	EndGlobalSection
EndGlobal
