
Microsoft Visual Studio Solution File, Format Version 12.00
# Visual Studio Version 17
VisualStudioVersion = 17.4.33103.184
MinimumVisualStudioVersion = 10.0.40219.1
Project("{FAE04EC0-301F-11D3-BF4B-00C04F79EFBC}") = "ComparaReinos", "ComparaReinos\ComparaReinos.csproj", "{AD6500F7-F185-4733-B719-9A5DD1705B02}"
EndProject
Global
	GlobalSection(SolutionConfigurationPlatforms) = preSolution
		Debug|Any CPU = Debug|Any CPU
		Release|Any CPU = Release|Any CPU
	EndGlobalSection
	GlobalSection(ProjectConfigurationPlatforms) = postSolution
		{AD6500F7-F185-4733-B719-9A5DD1705B02}.Debug|Any CPU.ActiveCfg = Debug|Any CPU
		{AD6500F7-F185-4733-B719-9A5DD1705B02}.Debug|Any CPU.Build.0 = Debug|Any CPU
		{AD6500F7-F185-4733-B719-9A5DD1705B02}.Release|Any CPU.ActiveCfg = Release|Any CPU
		{AD6500F7-F185-4733-B719-9A5DD1705B02}.Release|Any CPU.Build.0 = Release|Any CPU
	EndGlobalSection
	GlobalSection(SolutionProperties) = preSolution
		HideSolutionNode = FALSE
	EndGlobalSection
	GlobalSection(ExtensibilityGlobals) = postSolution
		SolutionGuid = {57136A9B-DD59-4500-BDC1-C9517E99DED7}
	EndGlobalSection
EndGlobal
