
Microsoft Visual Studio Solution File, Format Version 12.00
# Visual Studio Version 17
VisualStudioVersion = 17.0.31919.166
MinimumVisualStudioVersion = 10.0.40219.1
Project("{FAE04EC0-301F-11D3-BF4B-00C04F79EFBC}") = "BarajaEspanola", "BarajaEspanola\BarajaEspanola.csproj", "{9090AF1E-8931-4D35-BC4F-F2DD24E3A748}"
EndProject
Global
	GlobalSection(SolutionConfigurationPlatforms) = preSolution
		Debug|Any CPU = Debug|Any CPU
		Release|Any CPU = Release|Any CPU
	EndGlobalSection
	GlobalSection(ProjectConfigurationPlatforms) = postSolution
		{9090AF1E-8931-4D35-BC4F-F2DD24E3A748}.Debug|Any CPU.ActiveCfg = Debug|Any CPU
		{9090AF1E-8931-4D35-BC4F-F2DD24E3A748}.Debug|Any CPU.Build.0 = Debug|Any CPU
		{9090AF1E-8931-4D35-BC4F-F2DD24E3A748}.Release|Any CPU.ActiveCfg = Release|Any CPU
		{9090AF1E-8931-4D35-BC4F-F2DD24E3A748}.Release|Any CPU.Build.0 = Release|Any CPU
	EndGlobalSection
	GlobalSection(SolutionProperties) = preSolution
		HideSolutionNode = FALSE
	EndGlobalSection
	GlobalSection(ExtensibilityGlobals) = postSolution
		SolutionGuid = {10A7FF79-51A5-4D1E-A104-545E8560F1B4}
	EndGlobalSection
EndGlobal
