
Microsoft Visual Studio Solution File, Format Version 12.00
# Visual Studio Version 17
VisualStudioVersion = 17.5.33516.290
MinimumVisualStudioVersion = 10.0.40219.1
Project("{FAE04EC0-301F-11D3-BF4B-00C04F79EFBC}") = "EjemploObjetos", "EjemploObjetos\EjemploObjetos.csproj", "{52FCEBA4-5493-473F-9657-AF297D8EA05D}"
EndProject
Global
	GlobalSection(SolutionConfigurationPlatforms) = preSolution
		Debug|Any CPU = Debug|Any CPU
		Release|Any CPU = Release|Any CPU
	EndGlobalSection
	GlobalSection(ProjectConfigurationPlatforms) = postSolution
		{52FCEBA4-5493-473F-9657-AF297D8EA05D}.Debug|Any CPU.ActiveCfg = Debug|Any CPU
		{52FCEBA4-5493-473F-9657-AF297D8EA05D}.Debug|Any CPU.Build.0 = Debug|Any CPU
		{52FCEBA4-5493-473F-9657-AF297D8EA05D}.Release|Any CPU.ActiveCfg = Release|Any CPU
		{52FCEBA4-5493-473F-9657-AF297D8EA05D}.Release|Any CPU.Build.0 = Release|Any CPU
	EndGlobalSection
	GlobalSection(SolutionProperties) = preSolution
		HideSolutionNode = FALSE
	EndGlobalSection
	GlobalSection(ExtensibilityGlobals) = postSolution
		SolutionGuid = {342C8C62-2A58-4761-8FEE-CE0675B19A22}
	EndGlobalSection
EndGlobal
