
Microsoft Visual Studio Solution File, Format Version 12.00
# Visual Studio Version 17
VisualStudioVersion = 17.4.33103.184
MinimumVisualStudioVersion = 10.0.40219.1
Project("{FAE04EC0-301F-11D3-BF4B-00C04F79EFBC}") = "AhorcaditoSimple", "AhorcaditoSimple\AhorcaditoSimple.csproj", "{AE18DF4A-767A-406B-AF25-9F90A70D1B8A}"
EndProject
Global
	GlobalSection(SolutionConfigurationPlatforms) = preSolution
		Debug|Any CPU = Debug|Any CPU
		Release|Any CPU = Release|Any CPU
	EndGlobalSection
	GlobalSection(ProjectConfigurationPlatforms) = postSolution
		{AE18DF4A-767A-406B-AF25-9F90A70D1B8A}.Debug|Any CPU.ActiveCfg = Debug|Any CPU
		{AE18DF4A-767A-406B-AF25-9F90A70D1B8A}.Debug|Any CPU.Build.0 = Debug|Any CPU
		{AE18DF4A-767A-406B-AF25-9F90A70D1B8A}.Release|Any CPU.ActiveCfg = Release|Any CPU
		{AE18DF4A-767A-406B-AF25-9F90A70D1B8A}.Release|Any CPU.Build.0 = Release|Any CPU
	EndGlobalSection
	GlobalSection(SolutionProperties) = preSolution
		HideSolutionNode = FALSE
	EndGlobalSection
	GlobalSection(ExtensibilityGlobals) = postSolution
		SolutionGuid = {35DF387D-07E8-4330-AFD0-D6B4DB059826}
	EndGlobalSection
EndGlobal
