
Microsoft Visual Studio Solution File, Format Version 12.00
# Visual Studio Version 17
VisualStudioVersion = 17.0.31919.166
MinimumVisualStudioVersion = 10.0.40219.1
Project("{FAE04EC0-301F-11D3-BF4B-00C04F79EFBC}") = "EjemploMatricesNotasEstudiantes", "EjemploMatricesNotasEstudiantes\EjemploMatricesNotasEstudiantes.csproj", "{1D03D93B-213C-4F1D-806C-96FE370BBFA8}"
EndProject
Global
	GlobalSection(SolutionConfigurationPlatforms) = preSolution
		Debug|Any CPU = Debug|Any CPU
		Release|Any CPU = Release|Any CPU
	EndGlobalSection
	GlobalSection(ProjectConfigurationPlatforms) = postSolution
		{1D03D93B-213C-4F1D-806C-96FE370BBFA8}.Debug|Any CPU.ActiveCfg = Debug|Any CPU
		{1D03D93B-213C-4F1D-806C-96FE370BBFA8}.Debug|Any CPU.Build.0 = Debug|Any CPU
		{1D03D93B-213C-4F1D-806C-96FE370BBFA8}.Release|Any CPU.ActiveCfg = Release|Any CPU
		{1D03D93B-213C-4F1D-806C-96FE370BBFA8}.Release|Any CPU.Build.0 = Release|Any CPU
	EndGlobalSection
	GlobalSection(SolutionProperties) = preSolution
		HideSolutionNode = FALSE
	EndGlobalSection
	GlobalSection(ExtensibilityGlobals) = postSolution
		SolutionGuid = {519C9838-BF04-4704-A9C3-6DDF12ABCD6A}
	EndGlobalSection
EndGlobal
