
Microsoft Visual Studio Solution File, Format Version 12.00
# Visual Studio Version 17
VisualStudioVersion = 17.3.32804.467
MinimumVisualStudioVersion = 10.0.40219.1
Project("{FAE04EC0-301F-11D3-BF4B-00C04F79EFBC}") = "ex01_ConcursoOrquideas", "ex01_ConcursoOrquideas\ex01_ConcursoOrquideas.csproj", "{7B32B464-5D86-47AB-87A3-7946BB5EE2DC}"
EndProject
Global
	GlobalSection(SolutionConfigurationPlatforms) = preSolution
		Debug|Any CPU = Debug|Any CPU
		Release|Any CPU = Release|Any CPU
	EndGlobalSection
	GlobalSection(ProjectConfigurationPlatforms) = postSolution
		{7B32B464-5D86-47AB-87A3-7946BB5EE2DC}.Debug|Any CPU.ActiveCfg = Debug|Any CPU
		{7B32B464-5D86-47AB-87A3-7946BB5EE2DC}.Debug|Any CPU.Build.0 = Debug|Any CPU
		{7B32B464-5D86-47AB-87A3-7946BB5EE2DC}.Release|Any CPU.ActiveCfg = Release|Any CPU
		{7B32B464-5D86-47AB-87A3-7946BB5EE2DC}.Release|Any CPU.Build.0 = Release|Any CPU
	EndGlobalSection
	GlobalSection(SolutionProperties) = preSolution
		HideSolutionNode = FALSE
	EndGlobalSection
	GlobalSection(ExtensibilityGlobals) = postSolution
		SolutionGuid = {524D4795-2737-4862-A96E-07A94EB19F14}
	EndGlobalSection
EndGlobal
