
Microsoft Visual Studio Solution File, Format Version 12.00
# Visual Studio Version 16
VisualStudioVersion = 16.0.31129.286
MinimumVisualStudioVersion = 10.0.40219.1
Project("{FAE04EC0-301F-11D3-BF4B-00C04F79EFBC}") = "ex03_SimulacroVacunacion", "ex03_SimulacroVacunacion\ex03_SimulacroVacunacion.csproj", "{3C1BB361-5552-4BBD-BFC7-28E968DE6AB6}"
EndProject
Global
	GlobalSection(SolutionConfigurationPlatforms) = preSolution
		Debug|Any CPU = Debug|Any CPU
		Release|Any CPU = Release|Any CPU
	EndGlobalSection
	GlobalSection(ProjectConfigurationPlatforms) = postSolution
		{3C1BB361-5552-4BBD-BFC7-28E968DE6AB6}.Debug|Any CPU.ActiveCfg = Debug|Any CPU
		{3C1BB361-5552-4BBD-BFC7-28E968DE6AB6}.Debug|Any CPU.Build.0 = Debug|Any CPU
		{3C1BB361-5552-4BBD-BFC7-28E968DE6AB6}.Release|Any CPU.ActiveCfg = Release|Any CPU
		{3C1BB361-5552-4BBD-BFC7-28E968DE6AB6}.Release|Any CPU.Build.0 = Release|Any CPU
	EndGlobalSection
	GlobalSection(SolutionProperties) = preSolution
		HideSolutionNode = FALSE
	EndGlobalSection
	GlobalSection(ExtensibilityGlobals) = postSolution
		SolutionGuid = {49AE5AE4-3D6E-48E0-B173-BF8D1F4DE56C}
	EndGlobalSection
EndGlobal
