
Microsoft Visual Studio Solution File, Format Version 12.00
# Visual Studio Version 17
VisualStudioVersion = 17.4.33103.184
MinimumVisualStudioVersion = 10.0.40219.1
Project("{FAE04EC0-301F-11D3-BF4B-00C04F79EFBC}") = "ConcursoSushi", "ConcursoSushi\ConcursoSushi.csproj", "{B942D96D-C62F-4E9B-ACB7-B57C562F7E78}"
EndProject
Global
	GlobalSection(SolutionConfigurationPlatforms) = preSolution
		Debug|Any CPU = Debug|Any CPU
		Release|Any CPU = Release|Any CPU
	EndGlobalSection
	GlobalSection(ProjectConfigurationPlatforms) = postSolution
		{B942D96D-C62F-4E9B-ACB7-B57C562F7E78}.Debug|Any CPU.ActiveCfg = Debug|Any CPU
		{B942D96D-C62F-4E9B-ACB7-B57C562F7E78}.Debug|Any CPU.Build.0 = Debug|Any CPU
		{B942D96D-C62F-4E9B-ACB7-B57C562F7E78}.Release|Any CPU.ActiveCfg = Release|Any CPU
		{B942D96D-C62F-4E9B-ACB7-B57C562F7E78}.Release|Any CPU.Build.0 = Release|Any CPU
	EndGlobalSection
	GlobalSection(SolutionProperties) = preSolution
		HideSolutionNode = FALSE
	EndGlobalSection
	GlobalSection(ExtensibilityGlobals) = postSolution
		SolutionGuid = {0922CBD3-219C-44C7-B317-57EC11E4F063}
	EndGlobalSection
EndGlobal
