
Microsoft Visual Studio Solution File, Format Version 12.00
# Visual Studio Version 17
VisualStudioVersion = 17.3.32922.545
MinimumVisualStudioVersion = 10.0.40219.1
Project("{FAE04EC0-301F-11D3-BF4B-00C04F79EFBC}") = "ConcursoSushi", "ConcursoSushi\ConcursoSushi.csproj", "{07D5BB00-42F8-4B2E-937F-B6AB496A8E39}"
EndProject
Global
	GlobalSection(SolutionConfigurationPlatforms) = preSolution
		Debug|Any CPU = Debug|Any CPU
		Release|Any CPU = Release|Any CPU
	EndGlobalSection
	GlobalSection(ProjectConfigurationPlatforms) = postSolution
		{07D5BB00-42F8-4B2E-937F-B6AB496A8E39}.Debug|Any CPU.ActiveCfg = Debug|Any CPU
		{07D5BB00-42F8-4B2E-937F-B6AB496A8E39}.Debug|Any CPU.Build.0 = Debug|Any CPU
		{07D5BB00-42F8-4B2E-937F-B6AB496A8E39}.Release|Any CPU.ActiveCfg = Release|Any CPU
		{07D5BB00-42F8-4B2E-937F-B6AB496A8E39}.Release|Any CPU.Build.0 = Release|Any CPU
	EndGlobalSection
	GlobalSection(SolutionProperties) = preSolution
		HideSolutionNode = FALSE
	EndGlobalSection
	GlobalSection(ExtensibilityGlobals) = postSolution
		SolutionGuid = {2DF68D30-D831-454F-A420-4C980C834DCF}
	EndGlobalSection
EndGlobal
