
Microsoft Visual Studio Solution File, Format Version 12.00
# Visual Studio Version 17
VisualStudioVersion = 17.0.31919.166
MinimumVisualStudioVersion = 10.0.40219.1
Project("{FAE04EC0-301F-11D3-BF4B-00C04F79EFBC}") = "ValidaRango", "ValidaRango\ValidaRango.csproj", "{042703B4-9B41-4F39-B135-BF9F9B1DAA31}"
EndProject
Global
	GlobalSection(SolutionConfigurationPlatforms) = preSolution
		Debug|Any CPU = Debug|Any CPU
		Release|Any CPU = Release|Any CPU
	EndGlobalSection
	GlobalSection(ProjectConfigurationPlatforms) = postSolution
		{042703B4-9B41-4F39-B135-BF9F9B1DAA31}.Debug|Any CPU.ActiveCfg = Debug|Any CPU
		{042703B4-9B41-4F39-B135-BF9F9B1DAA31}.Debug|Any CPU.Build.0 = Debug|Any CPU
		{042703B4-9B41-4F39-B135-BF9F9B1DAA31}.Release|Any CPU.ActiveCfg = Release|Any CPU
		{042703B4-9B41-4F39-B135-BF9F9B1DAA31}.Release|Any CPU.Build.0 = Release|Any CPU
	EndGlobalSection
	GlobalSection(SolutionProperties) = preSolution
		HideSolutionNode = FALSE
	EndGlobalSection
	GlobalSection(ExtensibilityGlobals) = postSolution
		SolutionGuid = {47445486-545D-4AAB-90FA-98736F1E0726}
	EndGlobalSection
EndGlobal
