
Microsoft Visual Studio Solution File, Format Version 12.00
# Visual Studio Version 17
VisualStudioVersion = 17.3.32811.315
MinimumVisualStudioVersion = 10.0.40219.1
Project("{FAE04EC0-301F-11D3-BF4B-00C04F79EFBC}") = "IdentificaPalindromo", "IdentificaPalindromo\IdentificaPalindromo.csproj", "{8B9A6DDE-66FB-431A-88EC-CDC64BA2165C}"
EndProject
Global
	GlobalSection(SolutionConfigurationPlatforms) = preSolution
		Debug|Any CPU = Debug|Any CPU
		Release|Any CPU = Release|Any CPU
	EndGlobalSection
	GlobalSection(ProjectConfigurationPlatforms) = postSolution
		{8B9A6DDE-66FB-431A-88EC-CDC64BA2165C}.Debug|Any CPU.ActiveCfg = Debug|Any CPU
		{8B9A6DDE-66FB-431A-88EC-CDC64BA2165C}.Debug|Any CPU.Build.0 = Debug|Any CPU
		{8B9A6DDE-66FB-431A-88EC-CDC64BA2165C}.Release|Any CPU.ActiveCfg = Release|Any CPU
		{8B9A6DDE-66FB-431A-88EC-CDC64BA2165C}.Release|Any CPU.Build.0 = Release|Any CPU
	EndGlobalSection
	GlobalSection(SolutionProperties) = preSolution
		HideSolutionNode = FALSE
	EndGlobalSection
	GlobalSection(ExtensibilityGlobals) = postSolution
		SolutionGuid = {4EE9B7E6-50A3-417E-AA34-29CF8DF82386}
	EndGlobalSection
EndGlobal
