
Microsoft Visual Studio Solution File, Format Version 12.00
# Visual Studio Version 17
VisualStudioVersion = 17.0.31919.166
MinimumVisualStudioVersion = 10.0.40219.1
Project("{FAE04EC0-301F-11D3-BF4B-00C04F79EFBC}") = "NumerosDeficientes", "NumerosDeficientes\NumerosDeficientes.csproj", "{12CA001B-95DC-47B5-B702-6FE3B79FD953}"
EndProject
Global
	GlobalSection(SolutionConfigurationPlatforms) = preSolution
		Debug|Any CPU = Debug|Any CPU
		Release|Any CPU = Release|Any CPU
	EndGlobalSection
	GlobalSection(ProjectConfigurationPlatforms) = postSolution
		{12CA001B-95DC-47B5-B702-6FE3B79FD953}.Debug|Any CPU.ActiveCfg = Debug|Any CPU
		{12CA001B-95DC-47B5-B702-6FE3B79FD953}.Debug|Any CPU.Build.0 = Debug|Any CPU
		{12CA001B-95DC-47B5-B702-6FE3B79FD953}.Release|Any CPU.ActiveCfg = Release|Any CPU
		{12CA001B-95DC-47B5-B702-6FE3B79FD953}.Release|Any CPU.Build.0 = Release|Any CPU
	EndGlobalSection
	GlobalSection(SolutionProperties) = preSolution
		HideSolutionNode = FALSE
	EndGlobalSection
	GlobalSection(ExtensibilityGlobals) = postSolution
		SolutionGuid = {74FC3893-321B-4A17-BC07-95086AC8EA01}
	EndGlobalSection
EndGlobal
