
Microsoft Visual Studio Solution File, Format Version 12.00
# Visual Studio Version 17
VisualStudioVersion = 17.0.31919.166
MinimumVisualStudioVersion = 10.0.40219.1
Project("{FAE04EC0-301F-11D3-BF4B-00C04F79EFBC}") = "EjemploArreglos", "EjemploArreglos\EjemploArreglos.csproj", "{8D912F83-5FDF-4798-9490-4C27A68CCF2D}"
EndProject
Global
	GlobalSection(SolutionConfigurationPlatforms) = preSolution
		Debug|Any CPU = Debug|Any CPU
		Release|Any CPU = Release|Any CPU
	EndGlobalSection
	GlobalSection(ProjectConfigurationPlatforms) = postSolution
		{8D912F83-5FDF-4798-9490-4C27A68CCF2D}.Debug|Any CPU.ActiveCfg = Debug|Any CPU
		{8D912F83-5FDF-4798-9490-4C27A68CCF2D}.Debug|Any CPU.Build.0 = Debug|Any CPU
		{8D912F83-5FDF-4798-9490-4C27A68CCF2D}.Release|Any CPU.ActiveCfg = Release|Any CPU
		{8D912F83-5FDF-4798-9490-4C27A68CCF2D}.Release|Any CPU.Build.0 = Release|Any CPU
	EndGlobalSection
	GlobalSection(SolutionProperties) = preSolution
		HideSolutionNode = FALSE
	EndGlobalSection
	GlobalSection(ExtensibilityGlobals) = postSolution
		SolutionGuid = {65263EDE-6686-450C-8667-42AA602D57EF}
	EndGlobalSection
EndGlobal
