
Microsoft Visual Studio Solution File, Format Version 12.00
# Visual Studio 15
VisualStudioVersion = 15.0.28307.421
MinimumVisualStudioVersion = 10.0.40219.1
Project("{FAE04EC0-301F-11D3-BF4B-00C04F79EFBC}") = "CalculadoraBasica", "CalculadoraBasica\CalculadoraBasica.csproj", "{7EE31033-4BDD-45AD-85AA-EE6F2D91A34A}"
EndProject
Global
	GlobalSection(SolutionConfigurationPlatforms) = preSolution
		Debug|Any CPU = Debug|Any CPU
		Release|Any CPU = Release|Any CPU
	EndGlobalSection
	GlobalSection(ProjectConfigurationPlatforms) = postSolution
		{7EE31033-4BDD-45AD-85AA-EE6F2D91A34A}.Debug|Any CPU.ActiveCfg = Debug|Any CPU
		{7EE31033-4BDD-45AD-85AA-EE6F2D91A34A}.Debug|Any CPU.Build.0 = Debug|Any CPU
		{7EE31033-4BDD-45AD-85AA-EE6F2D91A34A}.Release|Any CPU.ActiveCfg = Release|Any CPU
		{7EE31033-4BDD-45AD-85AA-EE6F2D91A34A}.Release|Any CPU.Build.0 = Release|Any CPU
	EndGlobalSection
	GlobalSection(SolutionProperties) = preSolution
		HideSolutionNode = FALSE
	EndGlobalSection
	GlobalSection(ExtensibilityGlobals) = postSolution
		SolutionGuid = {B8A3D80F-3348-42AA-86E3-EE2F26CCF92E}
	EndGlobalSection
EndGlobal
