
Microsoft Visual Studio Solution File, Format Version 12.00
# Visual Studio Version 17
VisualStudioVersion = 17.0.31919.166
MinimumVisualStudioVersion = 10.0.40219.1
Project("{FAE04EC0-301F-11D3-BF4B-00C04F79EFBC}") = "NumerosPerfectos", "NumerosPerfectos\NumerosPerfectos.csproj", "{359307A8-976E-41F6-B478-8E51EBE0F5F0}"
EndProject
Global
	GlobalSection(SolutionConfigurationPlatforms) = preSolution
		Debug|Any CPU = Debug|Any CPU
		Release|Any CPU = Release|Any CPU
	EndGlobalSection
	GlobalSection(ProjectConfigurationPlatforms) = postSolution
		{359307A8-976E-41F6-B478-8E51EBE0F5F0}.Debug|Any CPU.ActiveCfg = Debug|Any CPU
		{359307A8-976E-41F6-B478-8E51EBE0F5F0}.Debug|Any CPU.Build.0 = Debug|Any CPU
		{359307A8-976E-41F6-B478-8E51EBE0F5F0}.Release|Any CPU.ActiveCfg = Release|Any CPU
		{359307A8-976E-41F6-B478-8E51EBE0F5F0}.Release|Any CPU.Build.0 = Release|Any CPU
	EndGlobalSection
	GlobalSection(SolutionProperties) = preSolution
		HideSolutionNode = FALSE
	EndGlobalSection
	GlobalSection(ExtensibilityGlobals) = postSolution
		SolutionGuid = {23014128-21B4-4B55-A624-9FF26F9AA934}
	EndGlobalSection
EndGlobal
