
Microsoft Visual Studio Solution File, Format Version 12.00
# Visual Studio Version 17
VisualStudioVersion = 17.0.31919.166
MinimumVisualStudioVersion = 10.0.40219.1
Project("{FAE04EC0-301F-11D3-BF4B-00C04F79EFBC}") = "MultiplosTres", "MultiplosTres\MultiplosTres.csproj", "{21558F64-A760-440D-A1F9-97243E8614E6}"
EndProject
Global
	GlobalSection(SolutionConfigurationPlatforms) = preSolution
		Debug|Any CPU = Debug|Any CPU
		Release|Any CPU = Release|Any CPU
	EndGlobalSection
	GlobalSection(ProjectConfigurationPlatforms) = postSolution
		{21558F64-A760-440D-A1F9-97243E8614E6}.Debug|Any CPU.ActiveCfg = Debug|Any CPU
		{21558F64-A760-440D-A1F9-97243E8614E6}.Debug|Any CPU.Build.0 = Debug|Any CPU
		{21558F64-A760-440D-A1F9-97243E8614E6}.Release|Any CPU.ActiveCfg = Release|Any CPU
		{21558F64-A760-440D-A1F9-97243E8614E6}.Release|Any CPU.Build.0 = Release|Any CPU
	EndGlobalSection
	GlobalSection(SolutionProperties) = preSolution
		HideSolutionNode = FALSE
	EndGlobalSection
	GlobalSection(ExtensibilityGlobals) = postSolution
		SolutionGuid = {7ED100CF-C9D5-424A-A34E-25536846572D}
	EndGlobalSection
EndGlobal
