
Microsoft Visual Studio Solution File, Format Version 12.00
# Visual Studio 15
VisualStudioVersion = 15.0.27428.2027
MinimumVisualStudioVersion = 10.0.40219.1
Project("{FAE04EC0-301F-11D3-BF4B-00C04F79EFBC}") = "MultiplosTres", "MultiplosTres\MultiplosTres.csproj", "{AE3A1BC4-3C90-4DF0-AA9F-DA01C2066BAF}"
EndProject
Global
	GlobalSection(SolutionConfigurationPlatforms) = preSolution
		Debug|Any CPU = Debug|Any CPU
		Release|Any CPU = Release|Any CPU
	EndGlobalSection
	GlobalSection(ProjectConfigurationPlatforms) = postSolution
		{AE3A1BC4-3C90-4DF0-AA9F-DA01C2066BAF}.Debug|Any CPU.ActiveCfg = Debug|Any CPU
		{AE3A1BC4-3C90-4DF0-AA9F-DA01C2066BAF}.Debug|Any CPU.Build.0 = Debug|Any CPU
		{AE3A1BC4-3C90-4DF0-AA9F-DA01C2066BAF}.Release|Any CPU.ActiveCfg = Release|Any CPU
		{AE3A1BC4-3C90-4DF0-AA9F-DA01C2066BAF}.Release|Any CPU.Build.0 = Release|Any CPU
	EndGlobalSection
	GlobalSection(SolutionProperties) = preSolution
		HideSolutionNode = FALSE
	EndGlobalSection
	GlobalSection(ExtensibilityGlobals) = postSolution
		SolutionGuid = {B19E70EB-8240-4417-8B81-2994B5C2967A}
	EndGlobalSection
EndGlobal
