
Microsoft Visual Studio Solution File, Format Version 12.00
# Visual Studio Version 17
VisualStudioVersion = 17.0.31919.166
MinimumVisualStudioVersion = 10.0.40219.1
Project("{FAE04EC0-301F-11D3-BF4B-00C04F79EFBC}") = "EjemploArgsConsola", "EjemploArgsConsola\EjemploArgsConsola.csproj", "{8D2FC19F-70FD-4244-A54F-ECDA3C8F0357}"
EndProject
Global
	GlobalSection(SolutionConfigurationPlatforms) = preSolution
		Debug|Any CPU = Debug|Any CPU
		Release|Any CPU = Release|Any CPU
	EndGlobalSection
	GlobalSection(ProjectConfigurationPlatforms) = postSolution
		{8D2FC19F-70FD-4244-A54F-ECDA3C8F0357}.Debug|Any CPU.ActiveCfg = Debug|Any CPU
		{8D2FC19F-70FD-4244-A54F-ECDA3C8F0357}.Debug|Any CPU.Build.0 = Debug|Any CPU
		{8D2FC19F-70FD-4244-A54F-ECDA3C8F0357}.Release|Any CPU.ActiveCfg = Release|Any CPU
		{8D2FC19F-70FD-4244-A54F-ECDA3C8F0357}.Release|Any CPU.Build.0 = Release|Any CPU
	EndGlobalSection
	GlobalSection(SolutionProperties) = preSolution
		HideSolutionNode = FALSE
	EndGlobalSection
	GlobalSection(ExtensibilityGlobals) = postSolution
		SolutionGuid = {6F26D8BD-4680-402A-9204-72B2B6373FAC}
	EndGlobalSection
EndGlobal
