
Microsoft Visual Studio Solution File, Format Version 12.00
# Visual Studio Version 17
VisualStudioVersion = 17.4.33103.184
MinimumVisualStudioVersion = 10.0.40219.1
Project("{FAE04EC0-301F-11D3-BF4B-00C04F79EFBC}") = "OrdenaNumeros", "OrdenaNumeros\OrdenaNumeros.csproj", "{78FD20E0-D3FE-490D-A608-297436077949}"
EndProject
Global
	GlobalSection(SolutionConfigurationPlatforms) = preSolution
		Debug|Any CPU = Debug|Any CPU
		Release|Any CPU = Release|Any CPU
	EndGlobalSection
	GlobalSection(ProjectConfigurationPlatforms) = postSolution
		{78FD20E0-D3FE-490D-A608-297436077949}.Debug|Any CPU.ActiveCfg = Debug|Any CPU
		{78FD20E0-D3FE-490D-A608-297436077949}.Debug|Any CPU.Build.0 = Debug|Any CPU
		{78FD20E0-D3FE-490D-A608-297436077949}.Release|Any CPU.ActiveCfg = Release|Any CPU
		{78FD20E0-D3FE-490D-A608-297436077949}.Release|Any CPU.Build.0 = Release|Any CPU
	EndGlobalSection
	GlobalSection(SolutionProperties) = preSolution
		HideSolutionNode = FALSE
	EndGlobalSection
	GlobalSection(ExtensibilityGlobals) = postSolution
		SolutionGuid = {4F3E4BCF-D228-4176-B9DD-ED9962CC6520}
	EndGlobalSection
EndGlobal
