
Microsoft Visual Studio Solution File, Format Version 12.00
# Visual Studio Version 16
VisualStudioVersion = 16.0.31205.134
MinimumVisualStudioVersion = 10.0.40219.1
Project("{FAE04EC0-301F-11D3-BF4B-00C04F79EFBC}") = "OrdenaNumeros", "OrdenaNumeros\OrdenaNumeros.csproj", "{33CD0FBC-6906-4075-9488-7C8B84AFA4B4}"
EndProject
Global
	GlobalSection(SolutionConfigurationPlatforms) = preSolution
		Debug|Any CPU = Debug|Any CPU
		Release|Any CPU = Release|Any CPU
	EndGlobalSection
	GlobalSection(ProjectConfigurationPlatforms) = postSolution
		{33CD0FBC-6906-4075-9488-7C8B84AFA4B4}.Debug|Any CPU.ActiveCfg = Debug|Any CPU
		{33CD0FBC-6906-4075-9488-7C8B84AFA4B4}.Debug|Any CPU.Build.0 = Debug|Any CPU
		{33CD0FBC-6906-4075-9488-7C8B84AFA4B4}.Release|Any CPU.ActiveCfg = Release|Any CPU
		{33CD0FBC-6906-4075-9488-7C8B84AFA4B4}.Release|Any CPU.Build.0 = Release|Any CPU
	EndGlobalSection
	GlobalSection(SolutionProperties) = preSolution
		HideSolutionNode = FALSE
	EndGlobalSection
	GlobalSection(ExtensibilityGlobals) = postSolution
		SolutionGuid = {090AD066-F819-49F3-B19B-46857C665CE7}
	EndGlobalSection
EndGlobal
