
Microsoft Visual Studio Solution File, Format Version 12.00
# Visual Studio Version 17
VisualStudioVersion = 17.4.33103.184
MinimumVisualStudioVersion = 10.0.40219.1
Project("{FAE04EC0-301F-11D3-BF4B-00C04F79EFBC}") = "MultiplesMayores", "MultiplesMayores\MultiplesMayores.csproj", "{AD1496A8-D3EC-46DE-A349-73FAFC39877B}"
EndProject
Project("{FAE04EC0-301F-11D3-BF4B-00C04F79EFBC}") = "MultiplesMayores_Pruebas", "MultiplesMayores_Pruebas\MultiplesMayores_Pruebas.csproj", "{6B904DC5-6550-4C3B-AD20-C27C456CB687}"
EndProject
Global
	GlobalSection(SolutionConfigurationPlatforms) = preSolution
		Debug|Any CPU = Debug|Any CPU
		Release|Any CPU = Release|Any CPU
	EndGlobalSection
	GlobalSection(ProjectConfigurationPlatforms) = postSolution
		{AD1496A8-D3EC-46DE-A349-73FAFC39877B}.Debug|Any CPU.ActiveCfg = Debug|Any CPU
		{AD1496A8-D3EC-46DE-A349-73FAFC39877B}.Debug|Any CPU.Build.0 = Debug|Any CPU
		{AD1496A8-D3EC-46DE-A349-73FAFC39877B}.Release|Any CPU.ActiveCfg = Release|Any CPU
		{AD1496A8-D3EC-46DE-A349-73FAFC39877B}.Release|Any CPU.Build.0 = Release|Any CPU
		{6B904DC5-6550-4C3B-AD20-C27C456CB687}.Debug|Any CPU.ActiveCfg = Debug|Any CPU
		{6B904DC5-6550-4C3B-AD20-C27C456CB687}.Debug|Any CPU.Build.0 = Debug|Any CPU
		{6B904DC5-6550-4C3B-AD20-C27C456CB687}.Release|Any CPU.ActiveCfg = Release|Any CPU
		{6B904DC5-6550-4C3B-AD20-C27C456CB687}.Release|Any CPU.Build.0 = Release|Any CPU
	EndGlobalSection
	GlobalSection(SolutionProperties) = preSolution
		HideSolutionNode = FALSE
	EndGlobalSection
	GlobalSection(ExtensibilityGlobals) = postSolution
		SolutionGuid = {DF1EC412-3A41-4D3C-AB19-D42BB65FE377}
	EndGlobalSection
EndGlobal
