
Microsoft Visual Studio Solution File, Format Version 12.00
# Visual Studio Version 17
VisualStudioVersion = 17.4.33103.184
MinimumVisualStudioVersion = 10.0.40219.1
Project("{FAE04EC0-301F-11D3-BF4B-00C04F79EFBC}") = "PuntuacionEquiposOO", "PuntuacionEquiposOO\PuntuacionEquiposOO.csproj", "{6A33A2A1-3104-4DF2-B81F-91E5C5C4A142}"
EndProject
Global
	GlobalSection(SolutionConfigurationPlatforms) = preSolution
		Debug|Any CPU = Debug|Any CPU
		Release|Any CPU = Release|Any CPU
	EndGlobalSection
	GlobalSection(ProjectConfigurationPlatforms) = postSolution
		{6A33A2A1-3104-4DF2-B81F-91E5C5C4A142}.Debug|Any CPU.ActiveCfg = Debug|Any CPU
		{6A33A2A1-3104-4DF2-B81F-91E5C5C4A142}.Debug|Any CPU.Build.0 = Debug|Any CPU
		{6A33A2A1-3104-4DF2-B81F-91E5C5C4A142}.Release|Any CPU.ActiveCfg = Release|Any CPU
		{6A33A2A1-3104-4DF2-B81F-91E5C5C4A142}.Release|Any CPU.Build.0 = Release|Any CPU
	EndGlobalSection
	GlobalSection(SolutionProperties) = preSolution
		HideSolutionNode = FALSE
	EndGlobalSection
	GlobalSection(ExtensibilityGlobals) = postSolution
		SolutionGuid = {70EC4168-9DEE-44F1-9714-4C878083CFBA}
	EndGlobalSection
EndGlobal
