
Microsoft Visual Studio Solution File, Format Version 12.00
# Visual Studio Version 17
VisualStudioVersion = 17.0.31919.166
MinimumVisualStudioVersion = 10.0.40219.1
Project("{FAE04EC0-301F-11D3-BF4B-00C04F79EFBC}") = "ArreglosEdadCaminar", "ArreglosEdadCaminar\ArreglosEdadCaminar.csproj", "{D5B0ABAB-5C76-4116-B571-1D5C16292B95}"
EndProject
Global
	GlobalSection(SolutionConfigurationPlatforms) = preSolution
		Debug|Any CPU = Debug|Any CPU
		Release|Any CPU = Release|Any CPU
	EndGlobalSection
	GlobalSection(ProjectConfigurationPlatforms) = postSolution
		{D5B0ABAB-5C76-4116-B571-1D5C16292B95}.Debug|Any CPU.ActiveCfg = Debug|Any CPU
		{D5B0ABAB-5C76-4116-B571-1D5C16292B95}.Debug|Any CPU.Build.0 = Debug|Any CPU
		{D5B0ABAB-5C76-4116-B571-1D5C16292B95}.Release|Any CPU.ActiveCfg = Release|Any CPU
		{D5B0ABAB-5C76-4116-B571-1D5C16292B95}.Release|Any CPU.Build.0 = Release|Any CPU
	EndGlobalSection
	GlobalSection(SolutionProperties) = preSolution
		HideSolutionNode = FALSE
	EndGlobalSection
	GlobalSection(ExtensibilityGlobals) = postSolution
		SolutionGuid = {65C52225-7263-440C-89DF-2628E4C0D981}
	EndGlobalSection
EndGlobal
