
Microsoft Visual Studio Solution File, Format Version 12.00
# Visual Studio Version 17
VisualStudioVersion = 17.0.31919.166
MinimumVisualStudioVersion = 10.0.40219.1
Project("{FAE04EC0-301F-11D3-BF4B-00C04F79EFBC}") = "NumerosAmigos", "NumerosAmigos\NumerosAmigos.csproj", "{3EF79B93-5BDD-4030-B4A3-BC50D77BA3B3}"
EndProject
Global
	GlobalSection(SolutionConfigurationPlatforms) = preSolution
		Debug|Any CPU = Debug|Any CPU
		Release|Any CPU = Release|Any CPU
	EndGlobalSection
	GlobalSection(ProjectConfigurationPlatforms) = postSolution
		{3EF79B93-5BDD-4030-B4A3-BC50D77BA3B3}.Debug|Any CPU.ActiveCfg = Debug|Any CPU
		{3EF79B93-5BDD-4030-B4A3-BC50D77BA3B3}.Debug|Any CPU.Build.0 = Debug|Any CPU
		{3EF79B93-5BDD-4030-B4A3-BC50D77BA3B3}.Release|Any CPU.ActiveCfg = Release|Any CPU
		{3EF79B93-5BDD-4030-B4A3-BC50D77BA3B3}.Release|Any CPU.Build.0 = Release|Any CPU
	EndGlobalSection
	GlobalSection(SolutionProperties) = preSolution
		HideSolutionNode = FALSE
	EndGlobalSection
	GlobalSection(ExtensibilityGlobals) = postSolution
		SolutionGuid = {ABC73CA8-FC5E-4543-A969-116D8B3AF996}
	EndGlobalSection
EndGlobal
