
Microsoft Visual Studio Solution File, Format Version 12.00
# Visual Studio Version 17
VisualStudioVersion = 17.5.33516.290
MinimumVisualStudioVersion = 10.0.40219.1
Project("{FAE04EC0-301F-11D3-BF4B-00C04F79EFBC}") = "EX03_PavimentacionCalles", "EX03_PavimentacionCalles\EX03_PavimentacionCalles.csproj", "{9DC23396-8EC2-4DA1-BDFC-FEB4FFA4AA57}"
EndProject
Global
	GlobalSection(SolutionConfigurationPlatforms) = preSolution
		Debug|Any CPU = Debug|Any CPU
		Release|Any CPU = Release|Any CPU
	EndGlobalSection
	GlobalSection(ProjectConfigurationPlatforms) = postSolution
		{9DC23396-8EC2-4DA1-BDFC-FEB4FFA4AA57}.Debug|Any CPU.ActiveCfg = Debug|Any CPU
		{9DC23396-8EC2-4DA1-BDFC-FEB4FFA4AA57}.Debug|Any CPU.Build.0 = Debug|Any CPU
		{9DC23396-8EC2-4DA1-BDFC-FEB4FFA4AA57}.Release|Any CPU.ActiveCfg = Release|Any CPU
		{9DC23396-8EC2-4DA1-BDFC-FEB4FFA4AA57}.Release|Any CPU.Build.0 = Release|Any CPU
	EndGlobalSection
	GlobalSection(SolutionProperties) = preSolution
		HideSolutionNode = FALSE
	EndGlobalSection
	GlobalSection(ExtensibilityGlobals) = postSolution
		SolutionGuid = {81BB5E93-1610-4D48-BD39-76FD861EDE8C}
	EndGlobalSection
EndGlobal
