
Microsoft Visual Studio Solution File, Format Version 12.00
# Visual Studio 15
VisualStudioVersion = 15.0.27428.2027
MinimumVisualStudioVersion = 10.0.40219.1
Project("{FAE04EC0-301F-11D3-BF4B-00C04F79EFBC}") = "AhorcaditoGrafico", "AhorcaditoGrafico\AhorcaditoGrafico.csproj", "{7F259002-D5E8-4A1F-9519-84DAF7A9A19D}"
EndProject
Global
	GlobalSection(SolutionConfigurationPlatforms) = preSolution
		Debug|Any CPU = Debug|Any CPU
		Release|Any CPU = Release|Any CPU
	EndGlobalSection
	GlobalSection(ProjectConfigurationPlatforms) = postSolution
		{7F259002-D5E8-4A1F-9519-84DAF7A9A19D}.Debug|Any CPU.ActiveCfg = Debug|Any CPU
		{7F259002-D5E8-4A1F-9519-84DAF7A9A19D}.Debug|Any CPU.Build.0 = Debug|Any CPU
		{7F259002-D5E8-4A1F-9519-84DAF7A9A19D}.Release|Any CPU.ActiveCfg = Release|Any CPU
		{7F259002-D5E8-4A1F-9519-84DAF7A9A19D}.Release|Any CPU.Build.0 = Release|Any CPU
	EndGlobalSection
	GlobalSection(SolutionProperties) = preSolution
		HideSolutionNode = FALSE
	EndGlobalSection
	GlobalSection(ExtensibilityGlobals) = postSolution
		SolutionGuid = {6FA1A2B3-FF7C-4EE4-B6ED-9F3C64A8D526}
	EndGlobalSection
EndGlobal
