
Microsoft Visual Studio Solution File, Format Version 12.00
# Visual Studio Version 17
VisualStudioVersion = 17.0.31919.166
MinimumVisualStudioVersion = 10.0.40219.1
Project("{FAE04EC0-301F-11D3-BF4B-00C04F79EFBC}") = "EntradaDatos", "EntradaDatos\EntradaDatos.csproj", "{B637D095-B2AC-43ED-948D-411B9C7F925E}"
EndProject
Global
	GlobalSection(SolutionConfigurationPlatforms) = preSolution
		Debug|Any CPU = Debug|Any CPU
		Release|Any CPU = Release|Any CPU
	EndGlobalSection
	GlobalSection(ProjectConfigurationPlatforms) = postSolution
		{B637D095-B2AC-43ED-948D-411B9C7F925E}.Debug|Any CPU.ActiveCfg = Debug|Any CPU
		{B637D095-B2AC-43ED-948D-411B9C7F925E}.Debug|Any CPU.Build.0 = Debug|Any CPU
		{B637D095-B2AC-43ED-948D-411B9C7F925E}.Release|Any CPU.ActiveCfg = Release|Any CPU
		{B637D095-B2AC-43ED-948D-411B9C7F925E}.Release|Any CPU.Build.0 = Release|Any CPU
	EndGlobalSection
	GlobalSection(SolutionProperties) = preSolution
		HideSolutionNode = FALSE
	EndGlobalSection
	GlobalSection(ExtensibilityGlobals) = postSolution
		SolutionGuid = {A0F8C8E6-1AB5-4851-BD37-85874ED449A1}
	EndGlobalSection
EndGlobal
