
Microsoft Visual Studio Solution File, Format Version 12.00
# Visual Studio Version 17
VisualStudioVersion = 17.0.31919.166
MinimumVisualStudioVersion = 10.0.40219.1
Project("{FAE04EC0-301F-11D3-BF4B-00C04F79EFBC}") = "EjemploFunciones", "EjemploFunciones\EjemploFunciones.csproj", "{6F6C2A48-5E8E-46AD-9DD8-EF8F8DA1534A}"
EndProject
Global
	GlobalSection(SolutionConfigurationPlatforms) = preSolution
		Debug|Any CPU = Debug|Any CPU
		Release|Any CPU = Release|Any CPU
	EndGlobalSection
	GlobalSection(ProjectConfigurationPlatforms) = postSolution
		{6F6C2A48-5E8E-46AD-9DD8-EF8F8DA1534A}.Debug|Any CPU.ActiveCfg = Debug|Any CPU
		{6F6C2A48-5E8E-46AD-9DD8-EF8F8DA1534A}.Debug|Any CPU.Build.0 = Debug|Any CPU
		{6F6C2A48-5E8E-46AD-9DD8-EF8F8DA1534A}.Release|Any CPU.ActiveCfg = Release|Any CPU
		{6F6C2A48-5E8E-46AD-9DD8-EF8F8DA1534A}.Release|Any CPU.Build.0 = Release|Any CPU
	EndGlobalSection
	GlobalSection(SolutionProperties) = preSolution
		HideSolutionNode = FALSE
	EndGlobalSection
	GlobalSection(ExtensibilityGlobals) = postSolution
		SolutionGuid = {A1767835-4229-4D23-B654-FEDA1205C853}
	EndGlobalSection
EndGlobal
