
Microsoft Visual Studio Solution File, Format Version 12.00
# Visual Studio 15
VisualStudioVersion = 15.0.27428.2027
MinimumVisualStudioVersion = 10.0.40219.1
Project("{FAE04EC0-301F-11D3-BF4B-00C04F79EFBC}") = "EjemploFunciones", "EjemploFunciones\EjemploFunciones.csproj", "{F8CE5AD8-1849-4B16-B800-720E41DC364B}"
EndProject
Global
	GlobalSection(SolutionConfigurationPlatforms) = preSolution
		Debug|Any CPU = Debug|Any CPU
		Release|Any CPU = Release|Any CPU
	EndGlobalSection
	GlobalSection(ProjectConfigurationPlatforms) = postSolution
		{F8CE5AD8-1849-4B16-B800-720E41DC364B}.Debug|Any CPU.ActiveCfg = Debug|Any CPU
		{F8CE5AD8-1849-4B16-B800-720E41DC364B}.Debug|Any CPU.Build.0 = Debug|Any CPU
		{F8CE5AD8-1849-4B16-B800-720E41DC364B}.Release|Any CPU.ActiveCfg = Release|Any CPU
		{F8CE5AD8-1849-4B16-B800-720E41DC364B}.Release|Any CPU.Build.0 = Release|Any CPU
	EndGlobalSection
	GlobalSection(SolutionProperties) = preSolution
		HideSolutionNode = FALSE
	EndGlobalSection
	GlobalSection(ExtensibilityGlobals) = postSolution
		SolutionGuid = {7A4CCB8B-806A-4E54-92B6-C492AA372F55}
	EndGlobalSection
EndGlobal
